// !$*UTF8*$!
{
	archiveVersion = 1;
	classes = {
	};
	objectVersion = 56;
	objects = {

/* Begin PBXBuildFile section */
		0F4C6FD02B703AAA00ACC800 /* SpacematicApp.swift in Sources */ = {isa = PBXBuildFile; fileRef = 0F4C6FCF2B703AAA00ACC800 /* SpacematicApp.swift */; };
		0F4C6FD22B703AAA00ACC800 /* ContentView.swift in Sources */ = {isa = PBXBuildFile; fileRef = 0F4C6FD12B703AAA00ACC800 /* ContentView.swift */; };
		0F4C6FD42B703AAA00ACC800 /* Assets.xcassets in Resources */ = {isa = PBXBuildFile; fileRef = 0F4C6FD32B703AAA00ACC800 /* Assets.xcassets */; };
		0F4C6FD72B703AAA00ACC800 /* Preview Assets.xcassets in Resources */ = {isa = PBXBuildFile; fileRef = 0F4C6FD62B703AAA00ACC800 /* Preview Assets.xcassets */; };
		0F4C6FDE2B703AF800ACC800 /* GameMenuView.swift in Sources */ = {isa = PBXBuildFile; fileRef = 0F4C6FDD2B703AF800ACC800 /* GameMenuView.swift */; };
		0F4C6FE02B703B5900ACC800 /* Components.swift in Sources */ = {isa = PBXBuildFile; fileRef = 0F4C6FDF2B703B5900ACC800 /* Components.swift */; };
		0F4C6FE22B703C0E00ACC800 /* DatabaseFunctions.swift in Sources */ = {isa = PBXBuildFile; fileRef = 0F4C6FE12B703C0E00ACC800 /* DatabaseFunctions.swift */; };
		0F4C6FE42B703C3A00ACC800 /* GameScene.swift in Sources */ = {isa = PBXBuildFile; fileRef = 0F4C6FE32B703C3A00ACC800 /* GameScene.swift */; };
		0F4C6FE62B703C9000ACC800 /* Launch Screen.storyboard in Resources */ = {isa = PBXBuildFile; fileRef = 0F4C6FE52B703C9000ACC800 /* Launch Screen.storyboard */; };
		0F4C6FEB2B703DC100ACC800 /* MyParticle.sks in Resources */ = {isa = PBXBuildFile; fileRef = 0F4C6FEA2B703DC100ACC800 /* MyParticle.sks */; };
		0FD6BAFB2BC5F20E00406181 /* ProblemGeneration.swift in Sources */ = {isa = PBXBuildFile; fileRef = 0FD6BAFA2BC5F20E00406181 /* ProblemGeneration.swift */; };
		0FD6BAFD2BC736B300406181 /* BackgroundMusicManager.swift in Sources */ = {isa = PBXBuildFile; fileRef = 0FD6BAFC2BC736B300406181 /* BackgroundMusicManager.swift */; };
		0FD6BAFF2BC7370E00406181 /* sonpourcharles.wav in Resources */ = {isa = PBXBuildFile; fileRef = 0FD6BAFE2BC7370E00406181 /* sonpourcharles.wav */; };
/* End PBXBuildFile section */

/* Begin PBXFileReference section */
		0F4C6FCC2B703AAA00ACC800 /* Spacematic.app */ = {isa = PBXFileReference; explicitFileType = wrapper.application; includeInIndex = 0; path = Spacematic.app; sourceTree = BUILT_PRODUCTS_DIR; };
		0F4C6FCF2B703AAA00ACC800 /* SpacematicApp.swift */ = {isa = PBXFileReference; lastKnownFileType = sourcecode.swift; path = SpacematicApp.swift; sourceTree = "<group>"; };
		0F4C6FD12B703AAA00ACC800 /* ContentView.swift */ = {isa = PBXFileReference; lastKnownFileType = sourcecode.swift; path = ContentView.swift; sourceTree = "<group>"; };
		0F4C6FD32B703AAA00ACC800 /* Assets.xcassets */ = {isa = PBXFileReference; lastKnownFileType = folder.assetcatalog; path = Assets.xcassets; sourceTree = "<group>"; };
		0F4C6FD62B703AAA00ACC800 /* Preview Assets.xcassets */ = {isa = PBXFileReference; lastKnownFileType = folder.assetcatalog; path = "Preview Assets.xcassets"; sourceTree = "<group>"; };
		0F4C6FDD2B703AF800ACC800 /* GameMenuView.swift */ = {isa = PBXFileReference; lastKnownFileType = sourcecode.swift; path = GameMenuView.swift; sourceTree = "<group>"; };
		0F4C6FDF2B703B5900ACC800 /* Components.swift */ = {isa = PBXFileReference; lastKnownFileType = sourcecode.swift; path = Components.swift; sourceTree = "<group>"; };
		0F4C6FE12B703C0E00ACC800 /* DatabaseFunctions.swift */ = {isa = PBXFileReference; lastKnownFileType = sourcecode.swift; path = DatabaseFunctions.swift; sourceTree = "<group>"; };
		0F4C6FE32B703C3A00ACC800 /* GameScene.swift */ = {isa = PBXFileReference; lastKnownFileType = sourcecode.swift; path = GameScene.swift; sourceTree = "<group>"; };
		0F4C6FE52B703C9000ACC800 /* Launch Screen.storyboard */ = {isa = PBXFileReference; lastKnownFileType = file.storyboard; path = "Launch Screen.storyboard"; sourceTree = "<group>"; };
		0F4C6FE72B703CA800ACC800 /* Info.plist */ = {isa = PBXFileReference; lastKnownFileType = text.plist; path = Info.plist; sourceTree = "<group>"; };
		0F4C6FEA2B703DC100ACC800 /* MyParticle.sks */ = {isa = PBXFileReference; lastKnownFileType = file.sks; path = MyParticle.sks; sourceTree = "<group>"; };
		0FD6BAFA2BC5F20E00406181 /* ProblemGeneration.swift */ = {isa = PBXFileReference; lastKnownFileType = sourcecode.swift; path = ProblemGeneration.swift; sourceTree = "<group>"; };
		0FD6BAFC2BC736B300406181 /* BackgroundMusicManager.swift */ = {isa = PBXFileReference; lastKnownFileType = sourcecode.swift; path = BackgroundMusicManager.swift; sourceTree = "<group>"; };
		0FD6BAFE2BC7370E00406181 /* sonpourcharles.wav */ = {isa = PBXFileReference; lastKnownFileType = audio.wav; name = sonpourcharles.wav; path = ../../../Downloads/sonpourcharles.wav; sourceTree = "<group>"; };
/* End PBXFileReference section */

/* Begin PBXFrameworksBuildPhase section */
		0F4C6FC92B703AAA00ACC800 /* Frameworks */ = {
			isa = PBXFrameworksBuildPhase;
			buildActionMask = 2147483647;
			files = (
			);
			runOnlyForDeploymentPostprocessing = 0;
		};
/* End PBXFrameworksBuildPhase section */

/* Begin PBXGroup section */
		0F4C6FC32B703AAA00ACC800 = {
			isa = PBXGroup;
			children = (
				0F4C6FCE2B703AAA00ACC800 /* Spacematic */,
				0F4C6FCD2B703AAA00ACC800 /* Products */,
			);
			sourceTree = "<group>";
		};
		0F4C6FCD2B703AAA00ACC800 /* Products */ = {
			isa = PBXGroup;
			children = (
				0F4C6FCC2B703AAA00ACC800 /* Spacematic.app */,
			);
			name = Products;
			sourceTree = "<group>";
		};
		0F4C6FCE2B703AAA00ACC800 /* Spacematic */ = {
			isa = PBXGroup;
			children = (
				0F4C6FE72B703CA800ACC800 /* Info.plist */,
				0F4C6FCF2B703AAA00ACC800 /* SpacematicApp.swift */,
				0F4C6FD12B703AAA00ACC800 /* ContentView.swift */,
				0FD6BAFE2BC7370E00406181 /* sonpourcharles.wav */,
				0F4C6FDD2B703AF800ACC800 /* GameMenuView.swift */,
				0F4C6FE12B703C0E00ACC800 /* DatabaseFunctions.swift */,
				0FD6BAFC2BC736B300406181 /* BackgroundMusicManager.swift */,
				0FD6BAFA2BC5F20E00406181 /* ProblemGeneration.swift */,
				0F4C6FDF2B703B5900ACC800 /* Components.swift */,
				0F4C6FE32B703C3A00ACC800 /* GameScene.swift */,
				0F4C6FEA2B703DC100ACC800 /* MyParticle.sks */,
				0F4C6FE52B703C9000ACC800 /* Launch Screen.storyboard */,
				0F4C6FD32B703AAA00ACC800 /* Assets.xcassets */,
				0F4C6FD52B703AAA00ACC800 /* Preview Content */,
			);
			path = Spacematic;
			sourceTree = "<group>";
		};
		0F4C6FD52B703AAA00ACC800 /* Preview Content */ = {
			isa = PBXGroup;
			children = (
				0F4C6FD62B703AAA00ACC800 /* Preview Assets.xcassets */,
			);
			path = "Preview Content";
			sourceTree = "<group>";
		};
/* End PBXGroup section */

/* Begin PBXNativeTarget section */
		0F4C6FCB2B703AAA00ACC800 /* Spacematic */ = {
			isa = PBXNativeTarget;
			buildConfigurationList = 0F4C6FDA2B703AAA00ACC800 /* Build configuration list for PBXNativeTarget "Spacematic" */;
			buildPhases = (
				0F4C6FC82B703AAA00ACC800 /* Sources */,
				0F4C6FC92B703AAA00ACC800 /* Frameworks */,
				0F4C6FCA2B703AAA00ACC800 /* Resources */,
			);
			buildRules = (
			);
			dependencies = (
			);
			name = Spacematic;
			productName = Spacematic;
			productReference = 0F4C6FCC2B703AAA00ACC800 /* Spacematic.app */;
			productType = "com.apple.product-type.application";
		};
/* End PBXNativeTarget section */

/* Begin PBXProject section */
		0F4C6FC42B703AAA00ACC800 /* Project object */ = {
			isa = PBXProject;
			attributes = {
				BuildIndependentTargetsInParallel = 1;
				LastSwiftUpdateCheck = 1430;
				LastUpgradeCheck = 1430;
				TargetAttributes = {
					0F4C6FCB2B703AAA00ACC800 = {
						CreatedOnToolsVersion = 14.3.1;
					};
				};
			};
			buildConfigurationList = 0F4C6FC72B703AAA00ACC800 /* Build configuration list for PBXProject "Spacematic" */;
			compatibilityVersion = "Xcode 14.0";
			developmentRegion = en;
			hasScannedForEncodings = 0;
			knownRegions = (
				en,
				Base,
			);
			mainGroup = 0F4C6FC32B703AAA00ACC800;
			productRefGroup = 0F4C6FCD2B703AAA00ACC800 /* Products */;
			projectDirPath = "";
			projectRoot = "";
			targets = (
				0F4C6FCB2B703AAA00ACC800 /* Spacematic */,
			);
		};
/* End PBXProject section */

/* Begin PBXResourcesBuildPhase section */
		0F4C6FCA2B703AAA00ACC800 /* Resources */ = {
			isa = PBXResourcesBuildPhase;
			buildActionMask = 2147483647;
			files = (
				0F4C6FE62B703C9000ACC800 /* Launch Screen.storyboard in Resources */,
				0FD6BAFF2BC7370E00406181 /* sonpourcharles.wav in Resources */,
				0F4C6FD72B703AAA00ACC800 /* Preview Assets.xcassets in Resources */,
				0F4C6FD42B703AAA00ACC800 /* Assets.xcassets in Resources */,
				0F4C6FEB2B703DC100ACC800 /* MyParticle.sks in Resources */,
			);
			runOnlyForDeploymentPostprocessing = 0;
		};
/* End PBXResourcesBuildPhase section */

/* Begin PBXSourcesBuildPhase section */
		0F4C6FC82B703AAA00ACC800 /* Sources */ = {
			isa = PBXSourcesBuildPhase;
			buildActionMask = 2147483647;
			files = (
				0F4C6FE42B703C3A00ACC800 /* GameScene.swift in Sources */,
				0FD6BAFB2BC5F20E00406181 /* ProblemGeneration.swift in Sources */,
				0F4C6FDE2B703AF800ACC800 /* GameMenuView.swift in Sources */,
				0FD6BAFD2BC736B300406181 /* BackgroundMusicManager.swift in Sources */,
				0F4C6FE22B703C0E00ACC800 /* DatabaseFunctions.swift in Sources */,
				0F4C6FE02B703B5900ACC800 /* Components.swift in Sources */,
				0F4C6FD22B703AAA00ACC800 /* ContentView.swift in Sources */,
				0F4C6FD02B703AAA00ACC800 /* SpacematicApp.swift in Sources */,
			);
			runOnlyForDeploymentPostprocessing = 0;
		};
/* End PBXSourcesBuildPhase section */

/* Begin XCBuildConfiguration section */
		0F4C6FD82B703AAA00ACC800 /* Debug */ = {
			isa = XCBuildConfiguration;
			buildSettings = {
				ALWAYS_SEARCH_USER_PATHS = NO;
				CLANG_ANALYZER_NONNULL = YES;
				CLANG_ANALYZER_NUMBER_OBJECT_CONVERSION = YES_AGGRESSIVE;
				CLANG_CXX_LANGUAGE_STANDARD = "gnu++20";
				CLANG_ENABLE_MODULES = YES;
				CLANG_ENABLE_OBJC_ARC = YES;
				CLANG_ENABLE_OBJC_WEAK = YES;
				CLANG_WARN_BLOCK_CAPTURE_AUTORELEASING = YES;
				CLANG_WARN_BOOL_CONVERSION = YES;
				CLANG_WARN_COMMA = YES;
				CLANG_WARN_CONSTANT_CONVERSION = YES;
				CLANG_WARN_DEPRECATED_OBJC_IMPLEMENTATIONS = YES;
				CLANG_WARN_DIRECT_OBJC_ISA_USAGE = YES_ERROR;
				CLANG_WARN_DOCUMENTATION_COMMENTS = YES;
				CLANG_WARN_EMPTY_BODY = YES;
				CLANG_WARN_ENUM_CONVERSION = YES;
				CLANG_WARN_INFINITE_RECURSION = YES;
				CLANG_WARN_INT_CONVERSION = YES;
				CLANG_WARN_NON_LITERAL_NULL_CONVERSION = YES;
				CLANG_WARN_OBJC_IMPLICIT_RETAIN_SELF = YES;
				CLANG_WARN_OBJC_LITERAL_CONVERSION = YES;
				CLANG_WARN_OBJC_ROOT_CLASS = YES_ERROR;
				CLANG_WARN_QUOTED_INCLUDE_IN_FRAMEWORK_HEADER = YES;
				CLANG_WARN_RANGE_LOOP_ANALYSIS = YES;
				CLANG_WARN_STRICT_PROTOTYPES = YES;
				CLANG_WARN_SUSPICIOUS_MOVE = YES;
				CLANG_WARN_UNGUARDED_AVAILABILITY = YES_AGGRESSIVE;
				CLANG_WARN_UNREACHABLE_CODE = YES;
				CLANG_WARN__DUPLICATE_METHOD_MATCH = YES;
				COPY_PHASE_STRIP = NO;
				DEBUG_INFORMATION_FORMAT = dwarf;
				ENABLE_STRICT_OBJC_MSGSEND = YES;
				ENABLE_TESTABILITY = YES;
				GCC_C_LANGUAGE_STANDARD = gnu11;
				GCC_DYNAMIC_NO_PIC = NO;
				GCC_NO_COMMON_BLOCKS = YES;
				GCC_OPTIMIZATION_LEVEL = 0;
				GCC_PREPROCESSOR_DEFINITIONS = (
					"DEBUG=1",
					"$(inherited)",
				);
				GCC_WARN_64_TO_32_BIT_CONVERSION = YES;
				GCC_WARN_ABOUT_RETURN_TYPE = YES_ERROR;
				GCC_WARN_UNDECLARED_SELECTOR = YES;
				GCC_WARN_UNINITIALIZED_AUTOS = YES_AGGRESSIVE;
				GCC_WARN_UNUSED_FUNCTION = YES;
				GCC_WARN_UNUSED_VARIABLE = YES;
				IPHONEOS_DEPLOYMENT_TARGET = 16.4;
				MTL_ENABLE_DEBUG_INFO = INCLUDE_SOURCE;
				MTL_FAST_MATH = YES;
				ONLY_ACTIVE_ARCH = YES;
				SDKROOT = iphoneos;
				SWIFT_ACTIVE_COMPILATION_CONDITIONS = DEBUG;
				SWIFT_OPTIMIZATION_LEVEL = "-Onone";
			};
			name = Debug;
		};
		0F4C6FD92B703AAA00ACC800 /* Release */ = {
			isa = XCBuildConfiguration;
			buildSettings = {
				ALWAYS_SEARCH_USER_PATHS = NO;
				CLANG_ANALYZER_NONNULL = YES;
				CLANG_ANALYZER_NUMBER_OBJECT_CONVERSION = YES_AGGRESSIVE;
				CLANG_CXX_LANGUAGE_STANDARD = "gnu++20";
				CLANG_ENABLE_MODULES = YES;
				CLANG_ENABLE_OBJC_ARC = YES;
				CLANG_ENABLE_OBJC_WEAK = YES;
				CLANG_WARN_BLOCK_CAPTURE_AUTORELEASING = YES;
				CLANG_WARN_BOOL_CONVERSION = YES;
				CLANG_WARN_COMMA = YES;
				CLANG_WARN_CONSTANT_CONVERSION = YES;
				CLANG_WARN_DEPRECATED_OBJC_IMPLEMENTATIONS = YES;
				CLANG_WARN_DIRECT_OBJC_ISA_USAGE = YES_ERROR;
				CLANG_WARN_DOCUMENTATION_COMMENTS = YES;
				CLANG_WARN_EMPTY_BODY = YES;
				CLANG_WARN_ENUM_CONVERSION = YES;
				CLANG_WARN_INFINITE_RECURSION = YES;
				CLANG_WARN_INT_CONVERSION = YES;
				CLANG_WARN_NON_LITERAL_NULL_CONVERSION = YES;
				CLANG_WARN_OBJC_IMPLICIT_RETAIN_SELF = YES;
				CLANG_WARN_OBJC_LITERAL_CONVERSION = YES;
				CLANG_WARN_OBJC_ROOT_CLASS = YES_ERROR;
				CLANG_WARN_QUOTED_INCLUDE_IN_FRAMEWORK_HEADER = YES;
				CLANG_WARN_RANGE_LOOP_ANALYSIS = YES;
				CLANG_WARN_STRICT_PROTOTYPES = YES;
				CLANG_WARN_SUSPICIOUS_MOVE = YES;
				CLANG_WARN_UNGUARDED_AVAILABILITY = YES_AGGRESSIVE;
				CLANG_WARN_UNREACHABLE_CODE = YES;
				CLANG_WARN__DUPLICATE_METHOD_MATCH = YES;
				COPY_PHASE_STRIP = NO;
				DEBUG_INFORMATION_FORMAT = "dwarf-with-dsym";
				ENABLE_NS_ASSERTIONS = NO;
				ENABLE_STRICT_OBJC_MSGSEND = YES;
				GCC_C_LANGUAGE_STANDARD = gnu11;
				GCC_NO_COMMON_BLOCKS = YES;
				GCC_WARN_64_TO_32_BIT_CONVERSION = YES;
				GCC_WARN_ABOUT_RETURN_TYPE = YES_ERROR;
				GCC_WARN_UNDECLARED_SELECTOR = YES;
				GCC_WARN_UNINITIALIZED_AUTOS = YES_AGGRESSIVE;
				GCC_WARN_UNUSED_FUNCTION = YES;
				GCC_WARN_UNUSED_VARIABLE = YES;
				IPHONEOS_DEPLOYMENT_TARGET = 16.4;
				MTL_ENABLE_DEBUG_INFO = NO;
				MTL_FAST_MATH = YES;
				SDKROOT = iphoneos;
				SWIFT_COMPILATION_MODE = wholemodule;
				SWIFT_OPTIMIZATION_LEVEL = "-O";
				VALIDATE_PRODUCT = YES;
			};
			name = Release;
		};
		0F4C6FDB2B703AAA00ACC800 /* Debug */ = {
			isa = XCBuildConfiguration;
			buildSettings = {
				ASSETCATALOG_COMPILER_APPICON_NAME = AppIcon;
				ASSETCATALOG_COMPILER_GLOBAL_ACCENT_COLOR_NAME = AccentColor;
				ASSETCATALOG_COMPILER_INCLUDE_ALL_APPICON_ASSETS = YES;
				CODE_SIGN_IDENTITY = "Apple Development";
				CODE_SIGN_STYLE = Automatic;
				CURRENT_PROJECT_VERSION = 1;
				DEVELOPMENT_ASSET_PATHS = "\"Spacematic/Preview Content\"";
				DEVELOPMENT_TEAM = PR275K8GK8;
				ENABLE_PREVIEWS = YES;
				GENERATE_INFOPLIST_FILE = YES;
				INFOPLIST_FILE = Spacematic/Info.plist;
				INFOPLIST_KEY_CFBundleDisplayName = Spacematic;
				INFOPLIST_KEY_LSApplicationCategoryType = "public.app-category.educational-games";
				INFOPLIST_KEY_UIApplicationSceneManifest_Generation = YES;
				INFOPLIST_KEY_UIApplicationSupportsIndirectInputEvents = YES;
				INFOPLIST_KEY_UILaunchScreen_Generation = YES;
				INFOPLIST_KEY_UILaunchStoryboardName = "Launch Screen.storyboard";
				INFOPLIST_KEY_UISupportedInterfaceOrientations = "UIInterfaceOrientationPortrait UIInterfaceOrientationPortraitUpsideDown UIInterfaceOrientationLandscapeLeft UIInterfaceOrientationLandscapeRight";
				IPHONEOS_DEPLOYMENT_TARGET = 16.0;
				LD_RUNPATH_SEARCH_PATHS = (
					"$(inherited)",
					"@executable_path/Frameworks",
				);
				MARKETING_VERSION = 1.2;
				PRODUCT_BUNDLE_IDENTIFIER = charles.andrea.spacematic;
				PRODUCT_NAME = "$(TARGET_NAME)";
				PROVISIONING_PROFILE_SPECIFIER = "";
				SUPPORTED_PLATFORMS = "appletvos appletvsimulator iphoneos iphonesimulator";
				SUPPORTS_MACCATALYST = NO;
				SUPPORTS_MAC_DESIGNED_FOR_IPHONE_IPAD = NO;
				SUPPORTS_XR_DESIGNED_FOR_IPHONE_IPAD = YES;
				SWIFT_EMIT_LOC_STRINGS = YES;
				SWIFT_VERSION = 5.0;
				TARGETED_DEVICE_FAMILY = "1,3";
			};
			name = Debug;
		};
		0F4C6FDC2B703AAA00ACC800 /* Release */ = {
			isa = XCBuildConfiguration;
			buildSettings = {
				ASSETCATALOG_COMPILER_APPICON_NAME = AppIcon;
				ASSETCATALOG_COMPILER_GLOBAL_ACCENT_COLOR_NAME = AccentColor;
				ASSETCATALOG_COMPILER_INCLUDE_ALL_APPICON_ASSETS = YES;
				CODE_SIGN_IDENTITY = "Apple Development";
				CODE_SIGN_STYLE = Automatic;
				CURRENT_PROJECT_VERSION = 1;
				DEVELOPMENT_ASSET_PATHS = "\"Spacematic/Preview Content\"";
				DEVELOPMENT_TEAM = PR275K8GK8;
				ENABLE_PREVIEWS = YES;
				GENERATE_INFOPLIST_FILE = YES;
				INFOPLIST_FILE = Spacematic/Info.plist;
				INFOPLIST_KEY_CFBundleDisplayName = Spacematic;
				INFOPLIST_KEY_LSApplicationCategoryType = "public.app-category.educational-games";
				INFOPLIST_KEY_UIApplicationSceneManifest_Generation = YES;
				INFOPLIST_KEY_UIApplicationSupportsIndirectInputEvents = YES;
				INFOPLIST_KEY_UILaunchScreen_Generation = YES;
				INFOPLIST_KEY_UILaunchStoryboardName = "Launch Screen.storyboard";
				INFOPLIST_KEY_UISupportedInterfaceOrientations = "UIInterfaceOrientationPortrait UIInterfaceOrientationPortraitUpsideDown UIInterfaceOrientationLandscapeLeft UIInterfaceOrientationLandscapeRight";
				IPHONEOS_DEPLOYMENT_TARGET = 16.0;
				LD_RUNPATH_SEARCH_PATHS = (
					"$(inherited)",
					"@executable_path/Frameworks",
				);
				MARKETING_VERSION = 1.2;
				PRODUCT_BUNDLE_IDENTIFIER = charles.andrea.spacematic;
				PRODUCT_NAME = "$(TARGET_NAME)";
				PROVISIONING_PROFILE_SPECIFIER = "";
				SUPPORTED_PLATFORMS = "appletvos appletvsimulator iphoneos iphonesimulator";
				SUPPORTS_MACCATALYST = NO;
				SUPPORTS_MAC_DESIGNED_FOR_IPHONE_IPAD = NO;
				SUPPORTS_XR_DESIGNED_FOR_IPHONE_IPAD = YES;
				SWIFT_EMIT_LOC_STRINGS = YES;
				SWIFT_VERSION = 5.0;
				TARGETED_DEVICE_FAMILY = "1,3";
			};
			name = Release;
		};
/* End XCBuildConfiguration section */

/* Begin XCConfigurationList section */
		0F4C6FC72B703AAA00ACC800 /* Build configuration list for PBXProject "Spacematic" */ = {
			isa = XCConfigurationList;
			buildConfigurations = (
				0F4C6FD82B703AAA00ACC800 /* Debug */,
				0F4C6FD92B703AAA00ACC800 /* Release */,
			);
			defaultConfigurationIsVisible = 0;
			defaultConfigurationName = Release;
		};
		0F4C6FDA2B703AAA00ACC800 /* Build configuration list for PBXNativeTarget "Spacematic" */ = {
			isa = XCConfigurationList;
			buildConfigurations = (
				0F4C6FDB2B703AAA00ACC800 /* Debug */,
				0F4C6FDC2B703AAA00ACC800 /* Release */,
			);
			defaultConfigurationIsVisible = 0;
			defaultConfigurationName = Release;
		};
/* End XCConfigurationList section */
	};
	rootObject = 0F4C6FC42B703AAA00ACC800 /* Project object */;
}
